Microsoft Visual Studio Solution File, Format Version 12.00
# Visual Studio Version 17
VisualStudioVersion = 17.5.2.0
MinimumVisualStudioVersion = 10.0.40219.1
Project("{FAE04EC0-301F-11D3-BF4B-00C04F79EFBC}") = "BingoProject", "BingoProject.csproj", "{DB647B3E-84E3-4B78-3501-5F9E161FC7D1}"
EndProject
Global
	GlobalSection(SolutionConfigurationPlatforms) = preSolution
		Debug|Any CPU = Debug|Any CPU
		Release|Any CPU = Release|Any CPU
	EndGlobalSection
	GlobalSection(ProjectConfigurationPlatforms) = postSolution
		{DB647B3E-84E3-4B78-3501-5F9E161FC7D1}.Debug|Any CPU.ActiveCfg = Debug|Any CPU
		{DB647B3E-84E3-4B78-3501-5F9E161FC7D1}.Debug|Any CPU.Build.0 = Debug|Any CPU
		{DB647B3E-84E3-4B78-3501-5F9E161FC7D1}.Release|Any CPU.ActiveCfg = Release|Any CPU
		{DB647B3E-84E3-4B78-3501-5F9E161FC7D1}.Release|Any CPU.Build.0 = Release|Any CPU
	EndGlobalSection
	GlobalSection(SolutionProperties) = preSolution
		HideSolutionNode = FALSE
	EndGlobalSection
	GlobalSection(ExtensibilityGlobals) = postSolution
		SolutionGuid = {97CB2D52-7704-4B35-83C8-55C9E79D7907}
	EndGlobalSection
EndGlobal
